
Microsoft Visual Studio Solution File, Format Version 12.00
# Visual Studio Version 17
VisualStudioVersion = 17.5.002.0
MinimumVisualStudioVersion = 10.0.40219.1
Project("{9A19103F-16F7-4668-BE54-9A1E7A4F7556}") = "Devops.Api", "Devops.Api.csproj", "{9F170131-4BB2-4D32-94A8-AC73568C0090}"
EndProject
Global
	GlobalSection(SolutionConfigurationPlatforms) = preSolution
		Debug|Any CPU = Debug|Any CPU
		Release|Any CPU = Release|Any CPU
	EndGlobalSection
	GlobalSection(ProjectConfigurationPlatforms) = postSolution
		{9F170131-4BB2-4D32-94A8-AC73568C0090}.Debug|Any CPU.ActiveCfg = Debug|Any CPU
		{9F170131-4BB2-4D32-94A8-AC73568C0090}.Debug|Any CPU.Build.0 = Debug|Any CPU
		{9F170131-4BB2-4D32-94A8-AC73568C0090}.Release|Any CPU.ActiveCfg = Release|Any CPU
		{9F170131-4BB2-4D32-94A8-AC73568C0090}.Release|Any CPU.Build.0 = Release|Any CPU
	EndGlobalSection
	GlobalSection(SolutionProperties) = preSolution
		HideSolutionNode = FALSE
	EndGlobalSection
	GlobalSection(ExtensibilityGlobals) = postSolution
		SolutionGuid = {60102BC3-0CF5-4F70-996D-53CBDE591E2F}
	EndGlobalSection
EndGlobal
